
Microsoft Visual Studio Solution File, Format Version 12.00
# Visual Studio 2017
Project("{FAE04EC0-301F-11D3-BF4B-00C04F79EFBC}") = "nauticraft_vr.Plugins", "nauticraft_vr.Plugins.csproj", "{B05C9CA5-F741-DC62-83AE-3B8C8B053E17}"
EndProject
Project("{FAE04EC0-301F-11D3-BF4B-00C04F79EFBC}") = "nauticraft_vr", "nauticraft_vr.csproj", "{08B4CCEE-E447-3D72-5F6C-D44707635E87}"
EndProject
Project("{FAE04EC0-301F-11D3-BF4B-00C04F79EFBC}") = "nauticraft_vr.Editor.Plugins", "nauticraft_vr.Editor.Plugins.csproj", "{C5F9F570-C0DD-9F8A-13FF-0FBFC3CFD55D}"
EndProject
Project("{FAE04EC0-301F-11D3-BF4B-00C04F79EFBC}") = "nauticraft_vr.Editor", "nauticraft_vr.Editor.csproj", "{20EE5BA2-4F77-417B-B643-180120214C9A}"
EndProject
Global
	GlobalSection(SolutionConfigurationPlatforms) = preSolution
		Debug|Any CPU = Debug|Any CPU
		Release|Any CPU = Release|Any CPU
	EndGlobalSection
	GlobalSection(ProjectConfigurationPlatforms) = postSolution
		{B05C9CA5-F741-DC62-83AE-3B8C8B053E17}.Debug|Any CPU.ActiveCfg = Debug|Any CPU
		{B05C9CA5-F741-DC62-83AE-3B8C8B053E17}.Debug|Any CPU.Build.0 = Debug|Any CPU
		{B05C9CA5-F741-DC62-83AE-3B8C8B053E17}.Release|Any CPU.ActiveCfg = Release|Any CPU
		{B05C9CA5-F741-DC62-83AE-3B8C8B053E17}.Release|Any CPU.Build.0 = Release|Any CPU
		{08B4CCEE-E447-3D72-5F6C-D44707635E87}.Debug|Any CPU.ActiveCfg = Debug|Any CPU
		{08B4CCEE-E447-3D72-5F6C-D44707635E87}.Debug|Any CPU.Build.0 = Debug|Any CPU
		{08B4CCEE-E447-3D72-5F6C-D44707635E87}.Release|Any CPU.ActiveCfg = Release|Any CPU
		{08B4CCEE-E447-3D72-5F6C-D44707635E87}.Release|Any CPU.Build.0 = Release|Any CPU
		{C5F9F570-C0DD-9F8A-13FF-0FBFC3CFD55D}.Debug|Any CPU.ActiveCfg = Debug|Any CPU
		{C5F9F570-C0DD-9F8A-13FF-0FBFC3CFD55D}.Debug|Any CPU.Build.0 = Debug|Any CPU
		{C5F9F570-C0DD-9F8A-13FF-0FBFC3CFD55D}.Release|Any CPU.ActiveCfg = Release|Any CPU
		{C5F9F570-C0DD-9F8A-13FF-0FBFC3CFD55D}.Release|Any CPU.Build.0 = Release|Any CPU
		{20EE5BA2-4F77-417B-B643-180120214C9A}.Debug|Any CPU.ActiveCfg = Debug|Any CPU
		{20EE5BA2-4F77-417B-B643-180120214C9A}.Debug|Any CPU.Build.0 = Debug|Any CPU
		{20EE5BA2-4F77-417B-B643-180120214C9A}.Release|Any CPU.ActiveCfg = Release|Any CPU
		{20EE5BA2-4F77-417B-B643-180120214C9A}.Release|Any CPU.Build.0 = Release|Any CPU
	EndGlobalSection
	GlobalSection(SolutionProperties) = preSolution
		HideSolutionNode = FALSE
	EndGlobalSection
EndGlobal
